
Microsoft Visual Studio Solution File, Format Version 12.00
# Visual Studio Version 17
VisualStudioVersion = 17.14.36915.13 d17.14
MinimumVisualStudioVersion = 10.0.40219.1
Project("{FAE04EC0-301F-11D3-BF4B-00C04F79EFBC}") = "Colegio", "Colegio.csproj", "{852AC7CB-14EF-45C6-9352-7F455289A0CC}"
EndProject
Global
	GlobalSection(SolutionConfigurationPlatforms) = preSolution
		Debug|Any CPU = Debug|Any CPU
		Release|Any CPU = Release|Any CPU
	EndGlobalSection
	GlobalSection(ProjectConfigurationPlatforms) = postSolution
		{852AC7CB-14EF-45C6-9352-7F455289A0CC}.Debug|Any CPU.ActiveCfg = Debug|Any CPU
		{852AC7CB-14EF-45C6-9352-7F455289A0CC}.Debug|Any CPU.Build.0 = Debug|Any CPU
		{852AC7CB-14EF-45C6-9352-7F455289A0CC}.Release|Any CPU.ActiveCfg = Release|Any CPU
		{852AC7CB-14EF-45C6-9352-7F455289A0CC}.Release|Any CPU.Build.0 = Release|Any CPU
	EndGlobalSection
	GlobalSection(SolutionProperties) = preSolution
		HideSolutionNode = FALSE
	EndGlobalSection
	GlobalSection(ExtensibilityGlobals) = postSolution
		SolutionGuid = {00C7A019-7FDC-4AEB-AD68-E1929BFCF576}
	EndGlobalSection
EndGlobal
